<?xml version="1.0" encoding="utf-8"?>
<Project ToolsVersion="4.0" xmlns="http://schemas.microsoft.com/developer/msbuild/2003">
  <ItemGroup>
    <ClCompile Include="main.cpp" />
    <ClCompile Include="MasterGame\MasterGame.cpp">
      <Filter>MasterGame</Filter>
    </ClCompile>
    <ClCompile Include="BattleScene\BattleScene.cpp">
      <Filter>GameScene\BattleScene</Filter>
    </ClCompile>
    <ClCompile Include="Player\Player.cpp">
      <Filter>Player</Filter>
    </ClCompile>
    <ClCompile Include="CameraAnimation\CameraAnimation.cpp">
      <Filter>CameraAnimation</Filter>
    </ClCompile>
    <ClCompile Include="Stage\Stage.cpp">
      <Filter>Stage</Filter>
    </ClCompile>
    <ClCompile Include="Stage\Floor\Floor.cpp">
      <Filter>Stage\Floor</Filter>
    </ClCompile>
  </ItemGroup>
  <ItemGroup>
    <Filter Include="MasterGame">
      <UniqueIdentifier>{3e79ea90-881f-47ff-b4d1-254fa34c854e}</UniqueIdentifier>
    </Filter>
    <Filter Include="GameScene">
      <UniqueIdentifier>{904340f7-0133-46c4-bce9-d9daa94bc1dc}</UniqueIdentifier>
    </Filter>
    <Filter Include="GameScene\BattleScene">
      <UniqueIdentifier>{e57c93a3-a3af-46ec-944b-474d5c6cd1eb}</UniqueIdentifier>
    </Filter>
    <Filter Include="Player">
      <UniqueIdentifier>{438f8d48-57ed-47a8-a438-1e01424c734d}</UniqueIdentifier>
    </Filter>
    <Filter Include="CameraAnimation">
      <UniqueIdentifier>{90dbfa81-bc7a-4de6-9da3-412d96b8fb5f}</UniqueIdentifier>
    </Filter>
    <Filter Include="Stage">
      <UniqueIdentifier>{98f80384-86a8-4dbf-ba26-a7b10a565ccb}</UniqueIdentifier>
    </Filter>
    <Filter Include="Stage\Floor">
      <UniqueIdentifier>{800a3e6a-afc4-494c-9d51-d3c405a8e0cd}</UniqueIdentifier>
    </Filter>
  </ItemGroup>
  <ItemGroup>
    <ClInclude Include="MasterGame\MasterGame.h">
      <Filter>MasterGame</Filter>
    </ClInclude>
    <ClInclude Include="BattleScene\BattleScene.h">
      <Filter>GameScene\BattleScene</Filter>
    </ClInclude>
    <ClInclude Include="Player\Player.h">
      <Filter>Player</Filter>
    </ClInclude>
    <ClInclude Include="CameraAnimation\CameraAnimation.h">
      <Filter>CameraAnimation</Filter>
    </ClInclude>
    <ClInclude Include="Stage\Stage.h">
      <Filter>Stage</Filter>
    </ClInclude>
    <ClInclude Include="Stage\Floor\Floor.h">
      <Filter>Stage\Floor</Filter>
    </ClInclude>
  </ItemGroup>
</Project>