<?xml version="1.0" encoding="utf-8"?>
<Project ToolsVersion="4.0" xmlns="http://schemas.microsoft.com/developer/msbuild/2003">
  <ItemGroup>
    <ClCompile Include="main.cpp" />
    <ClCompile Include="MasterGame\MasterGame.cpp">
      <Filter>MasterGame</Filter>
    </ClCompile>
    <ClCompile Include="Stage\Stage.cpp">
      <Filter>Stage</Filter>
    </ClCompile>
    <ClCompile Include="Stage\Goal\Goal.cpp">
      <Filter>Stage\Goal</Filter>
    </ClCompile>
    <ClCompile Include="Stage\Box\Box.cpp">
      <Filter>Stage\Box</Filter>
    </ClCompile>
    <ClCompile Include="Editor\CreateStageScene\CreateStageScene.cpp">
      <Filter>Scene</Filter>
    </ClCompile>
    <ClCompile Include="Scene\SelectScene\SelectScene.cpp">
      <Filter>Scene</Filter>
    </ClCompile>
    <ClCompile Include="Scene\TitleScene\TitleScene.cpp">
      <Filter>Scene</Filter>
    </ClCompile>
    <ClCompile Include="Scene\BattleScene\BattleScene.cpp">
      <Filter>Scene</Filter>
    </ClCompile>
    <ClCompile Include="DebugCamera.cpp">
      <Filter>Camera</Filter>
    </ClCompile>
    <ClCompile Include="CameraAnimation\CameraAnimation.cpp">
      <Filter>Camera</Filter>
    </ClCompile>
    <ClCompile Include="GlobalVariables\GlobalVariables.cpp">
      <Filter>GlobalVariables</Filter>
    </ClCompile>
    <ClCompile Include="Player\Player.cpp">
      <Filter>Player</Filter>
    </ClCompile>
    <ClCompile Include="Stage\RequiredItem.cpp">
      <Filter>Stage\Item</Filter>
    </ClCompile>
    <ClCompile Include="Stage\CollectionObject.cpp">
      <Filter>Stage\Item</Filter>
    </ClCompile>
    <ClCompile Include="Stage\Entrance.cpp">
      <Filter>Stage\Entrance</Filter>
    </ClCompile>
    <ClCompile Include="Player\PlayerModel.cpp">
      <Filter>Player</Filter>
    </ClCompile>
  </ItemGroup>
  <ItemGroup>
    <ClInclude Include="CollisionConfig.h" />
    <ClInclude Include="Easing\Easing.h" />
    <ClInclude Include="MasterGame\MasterGame.h">
      <Filter>MasterGame</Filter>
    </ClInclude>
    <ClInclude Include="Stage\Stage.h">
      <Filter>Stage</Filter>
    </ClInclude>
    <ClInclude Include="Stage\Goal\Goal.h">
      <Filter>Stage\Goal</Filter>
    </ClInclude>
    <ClInclude Include="Stage\Box\Box.h">
      <Filter>Stage\Box</Filter>
    </ClInclude>
    <ClInclude Include="Editor\CreateStageScene\CreateStageScene.h">
      <Filter>Scene</Filter>
    </ClInclude>
    <ClInclude Include="Scene\SelectScene\SelectScene.h">
      <Filter>Scene</Filter>
    </ClInclude>
    <ClInclude Include="Scene\TitleScene\TitleScene.h">
      <Filter>Scene</Filter>
    </ClInclude>
    <ClInclude Include="Scene\BattleScene\BattleScene.h">
      <Filter>Scene</Filter>
    </ClInclude>
    <ClInclude Include="DebugCamera.h">
      <Filter>Camera</Filter>
    </ClInclude>
    <ClInclude Include="CameraAnimation\CameraAnimation.h">
      <Filter>Camera</Filter>
    </ClInclude>
    <ClInclude Include="GlobalVariables\GlobalVariables.h">
      <Filter>GlobalVariables</Filter>
    </ClInclude>
    <ClInclude Include="Player\Player.h">
      <Filter>Player</Filter>
    </ClInclude>
    <ClInclude Include="Stage\RequiredItem.h">
      <Filter>Stage\Item</Filter>
    </ClInclude>
    <ClInclude Include="Stage\CollectionObject.h">
      <Filter>Stage\Item</Filter>
    </ClInclude>
    <ClInclude Include="Stage\Entrance.h">
      <Filter>Stage\Entrance</Filter>
    </ClInclude>
    <ClInclude Include="Player\PlayerModel.h">
      <Filter>Player</Filter>
    </ClInclude>
  </ItemGroup>
  <ItemGroup>
    <Filter Include="MasterGame">
      <UniqueIdentifier>{0d081a35-0480-42ca-85db-c83a24391216}</UniqueIdentifier>
    </Filter>
    <Filter Include="Stage">
      <UniqueIdentifier>{333b5a7a-6bb6-4ac9-892c-df54e081c8e2}</UniqueIdentifier>
    </Filter>
    <Filter Include="Stage\Goal">
      <UniqueIdentifier>{49b65d6f-ddb1-460f-b4aa-99c7611a94a9}</UniqueIdentifier>
    </Filter>
    <Filter Include="Stage\Box">
      <UniqueIdentifier>{48c2cb23-ce64-4253-8228-177906f6dc69}</UniqueIdentifier>
    </Filter>
    <Filter Include="Scene">
      <UniqueIdentifier>{38210d1c-9469-47c9-b82b-757c4cac8e71}</UniqueIdentifier>
    </Filter>
    <Filter Include="Camera">
      <UniqueIdentifier>{4e3768a0-38cf-42fa-b4dd-5ee5b9dcfefa}</UniqueIdentifier>
    </Filter>
    <Filter Include="GlobalVariables">
      <UniqueIdentifier>{80410e89-08c6-40b1-b927-757e9ff3f27f}</UniqueIdentifier>
    </Filter>
    <Filter Include="Player">
      <UniqueIdentifier>{23463c16-e358-4696-bd9c-ff43f7c48229}</UniqueIdentifier>
    </Filter>
    <Filter Include="Stage\Item">
      <UniqueIdentifier>{9bfac6aa-3ccd-4694-b8ac-052d2551cc8f}</UniqueIdentifier>
    </Filter>
    <Filter Include="Stage\Entrance">
      <UniqueIdentifier>{afb7a39c-141f-42c1-ba26-64a6071525ab}</UniqueIdentifier>
    </Filter>
  </ItemGroup>
</Project>